
Microsoft Visual Studio Solution File, Format Version 12.00
# Visual Studio Version 16
VisualStudioVersion = 16.0.30804.86
MinimumVisualStudioVersion = 10.0.40219.1
Project("{FAE04EC0-301F-11D3-BF4B-00C04F79EFBC}") = "newweb", "newweb.csproj", "{820094F3-A7C8-45AB-86DC-8900413EC46A}"
EndProject
Global
	GlobalSection(SolutionConfigurationPlatforms) = preSolution
		Debug|Any CPU = Debug|Any CPU
		Release|Any CPU = Release|Any CPU
	EndGlobalSection
	GlobalSection(ProjectConfigurationPlatforms) = postSolution
		{820094F3-A7C8-45AB-86DC-8900413EC46A}.Debug|Any CPU.ActiveCfg = Debug|Any CPU
		{820094F3-A7C8-45AB-86DC-8900413EC46A}.Debug|Any CPU.Build.0 = Debug|Any CPU
		{820094F3-A7C8-45AB-86DC-8900413EC46A}.Release|Any CPU.ActiveCfg = Release|Any CPU
		{820094F3-A7C8-45AB-86DC-8900413EC46A}.Release|Any CPU.Build.0 = Release|Any CPU
	EndGlobalSection
	GlobalSection(SolutionProperties) = preSolution
		HideSolutionNode = FALSE
	EndGlobalSection
	GlobalSection(ExtensibilityGlobals) = postSolution
		SolutionGuid = {61F53C41-4F17-47A1-B4AB-4B70B225C3E3}
	EndGlobalSection
EndGlobal
